// !$*UTF8*$!
{
	archiveVersion = 1;
	classes = {
	};
	objectVersion = 46;
	objects = {

/* Begin PBXBuildFile section */
		AB94D0B61CE0D22100607613 /* main.m in Sources */ = {isa = PBXBuildFile; fileRef = AB94D0B51CE0D22100607613 /* main.m */; };
		AB94D0B91CE0D22100607613 /* AppDelegate.m in Sources */ = {isa = PBXBuildFile; fileRef = AB94D0B81CE0D22100607613 /* AppDelegate.m */; };
		AB94D0BC1CE0D22100607613 /* ViewController.m in Sources */ = {isa = PBXBuildFile; fileRef = AB94D0BB1CE0D22100607613 /* ViewController.m */; };
		AB94D0BF1CE0D22100607613 /* Main.storyboard in Resources */ = {isa = PBXBuildFile; fileRef = AB94D0BD1CE0D22100607613 /* Main.storyboard */; };
		AB94D0C21CE0D22100607613 /* TVShowAddict.xcdatamodeld in Sources */ = {isa = PBXBuildFile; fileRef = AB94D0C01CE0D22100607613 /* TVShowAddict.xcdatamodeld */; };
		AB94D0C41CE0D22100607613 /* Assets.xcassets in Resources */ = {isa = PBXBuildFile; fileRef = AB94D0C31CE0D22100607613 /* Assets.xcassets */; };
		AB94D0C71CE0D22100607613 /* LaunchScreen.storyboard in Resources */ = {isa = PBXBuildFile; fileRef = AB94D0C51CE0D22100607613 /* LaunchScreen.storyboard */; };
		AB94D0D21CE0D22100607613 /* TVShowAddictTests.m in Sources */ = {isa = PBXBuildFile; fileRef = AB94D0D11CE0D22100607613 /* TVShowAddictTests.m */; };
		AB94D0DD1CE0D22100607613 /* TVShowAddictUITests.m in Sources */ = {isa = PBXBuildFile; fileRef = AB94D0DC1CE0D22100607613 /* TVShowAddictUITests.m */; };
/* End PBXBuildFile section */

/* Begin PBXContainerItemProxy section */
		AB94D0CE1CE0D22100607613 /* PBXContainerItemProxy */ = {
			isa = PBXContainerItemProxy;
			containerPortal = AB94D0A91CE0D22000607613 /* Project object */;
			proxyType = 1;
			remoteGlobalIDString = AB94D0B01CE0D22100607613;
			remoteInfo = TVShowAddict;
		};
		AB94D0D91CE0D22100607613 /* PBXContainerItemProxy */ = {
			isa = PBXContainerItemProxy;
			containerPortal = AB94D0A91CE0D22000607613 /* Project object */;
			proxyType = 1;
			remoteGlobalIDString = AB94D0B01CE0D22100607613;
			remoteInfo = TVShowAddict;
		};
/* End PBXContainerItemProxy section */

/* Begin PBXFileReference section */
		AB94D0B11CE0D22100607613 /* TVShowAddict.app */ = {isa = PBXFileReference; explicitFileType = wrapper.application; includeInIndex = 0; path = TVShowAddict.app; sourceTree = BUILT_PRODUCTS_DIR; };
		AB94D0B51CE0D22100607613 /* main.m */ = {isa = PBXFileReference; lastKnownFileType = sourcecode.c.objc; path = main.m; sourceTree = "<group>"; };
		AB94D0B71CE0D22100607613 /* AppDelegate.h */ = {isa = PBXFileReference; lastKnownFileType = sourcecode.c.h; path = AppDelegate.h; sourceTree = "<group>"; };
		AB94D0B81CE0D22100607613 /* AppDelegate.m */ = {isa = PBXFileReference; lastKnownFileType = sourcecode.c.objc; path = AppDelegate.m; sourceTree = "<group>"; };
		AB94D0BA1CE0D22100607613 /* ViewController.h */ = {isa = PBXFileReference; lastKnownFileType = sourcecode.c.h; path = ViewController.h; sourceTree = "<group>"; };
		AB94D0BB1CE0D22100607613 /* ViewController.m */ = {isa = PBXFileReference; lastKnownFileType = sourcecode.c.objc; path = ViewController.m; sourceTree = "<group>"; };
		AB94D0BE1CE0D22100607613 /* Base */ = {isa = PBXFileReference; lastKnownFileType = file.storyboard; name = Base; path = Base.lproj/Main.storyboard; sourceTree = "<group>"; };
		AB94D0C11CE0D22100607613 /* TVShowAddict.xcdatamodel */ = {isa = PBXFileReference; lastKnownFileType = wrapper.xcdatamodel; path = TVShowAddict.xcdatamodel; sourceTree = "<group>"; };
		AB94D0C31CE0D22100607613 /* Assets.xcassets */ = {isa = PBXFileReference; lastKnownFileType = folder.assetcatalog; path = Assets.xcassets; sourceTree = "<group>"; };
		AB94D0C61CE0D22100607613 /* Base */ = {isa = PBXFileReference; lastKnownFileType = file.storyboard; name = Base; path = Base.lproj/LaunchScreen.storyboard; sourceTree = "<group>"; };
		AB94D0C81CE0D22100607613 /* Info.plist */ = {isa = PBXFileReference; lastKnownFileType = text.plist.xml; path = Info.plist; sourceTree = "<group>"; };
		AB94D0CD1CE0D22100607613 /* TVShowAddictTests.xctest */ = {isa = PBXFileReference; explicitFileType = wrapper.cfbundle; includeInIndex = 0; path = TVShowAddictTests.xctest; sourceTree = BUILT_PRODUCTS_DIR; };
		AB94D0D11CE0D22100607613 /* TVShowAddictTests.m */ = {isa = PBXFileReference; lastKnownFileType = sourcecode.c.objc; path = TVShowAddictTests.m; sourceTree = "<group>"; };
		AB94D0D31CE0D22100607613 /* Info.plist */ = {isa = PBXFileReference; lastKnownFileType = text.plist.xml; path = Info.plist; sourceTree = "<group>"; };
		AB94D0D81CE0D22100607613 /* TVShowAddictUITests.xctest */ = {isa = PBXFileReference; explicitFileType = wrapper.cfbundle; includeInIndex = 0; path = TVShowAddictUITests.xctest; sourceTree = BUILT_PRODUCTS_DIR; };
		AB94D0DC1CE0D22100607613 /* TVShowAddictUITests.m */ = {isa = PBXFileReference; lastKnownFileType = sourcecode.c.objc; path = TVShowAddictUITests.m; sourceTree = "<group>"; };
		AB94D0DE1CE0D22100607613 /* Info.plist */ = {isa = PBXFileReference; lastKnownFileType = text.plist.xml; path = Info.plist; sourceTree = "<group>"; };
/* End PBXFileReference section */

/* Begin PBXFrameworksBuildPhase section */
		AB94D0AE1CE0D22100607613 /* Frameworks */ = {
			isa = PBXFrameworksBuildPhase;
			buildActionMask = 2147483647;
			files = (
			);
			runOnlyForDeploymentPostprocessing = 0;
		};
		AB94D0CA1CE0D22100607613 /* Frameworks */ = {
			isa = PBXFrameworksBuildPhase;
			buildActionMask = 2147483647;
			files = (
			);
			runOnlyForDeploymentPostprocessing = 0;
		};
		AB94D0D51CE0D22100607613 /* Frameworks */ = {
			isa = PBXFrameworksBuildPhase;
			buildActionMask = 2147483647;
			files = (
			);
			runOnlyForDeploymentPostprocessing = 0;
		};
/* End PBXFrameworksBuildPhase section */

/* Begin PBXGroup section */
		AB94D0A81CE0D22000607613 = {
			isa = PBXGroup;
			children = (
				AB94D0B31CE0D22100607613 /* TVShowAddict */,
				AB94D0D01CE0D22100607613 /* TVShowAddictTests */,
				AB94D0DB1CE0D22100607613 /* TVShowAddictUITests */,
				AB94D0B21CE0D22100607613 /* Products */,
			);
			sourceTree = "<group>";
		};
		AB94D0B21CE0D22100607613 /* Products */ = {
			isa = PBXGroup;
			children = (
				AB94D0B11CE0D22100607613 /* TVShowAddict.app */,
				AB94D0CD1CE0D22100607613 /* TVShowAddictTests.xctest */,
				AB94D0D81CE0D22100607613 /* TVShowAddictUITests.xctest */,
			);
			name = Products;
			sourceTree = "<group>";
		};
		AB94D0B31CE0D22100607613 /* TVShowAddict */ = {
			isa = PBXGroup;
			children = (
				AB94D0B71CE0D22100607613 /* AppDelegate.h */,
				AB94D0B81CE0D22100607613 /* AppDelegate.m */,
				AB94D0BA1CE0D22100607613 /* ViewController.h */,
				AB94D0BB1CE0D22100607613 /* ViewController.m */,
				AB94D0BD1CE0D22100607613 /* Main.storyboard */,
				AB94D0C31CE0D22100607613 /* Assets.xcassets */,
				AB94D0C51CE0D22100607613 /* LaunchScreen.storyboard */,
				AB94D0C81CE0D22100607613 /* Info.plist */,
				AB94D0C01CE0D22100607613 /* TVShowAddict.xcdatamodeld */,
				AB94D0B41CE0D22100607613 /* Supporting Files */,
			);
			path = TVShowAddict;
			sourceTree = "<group>";
		};
		AB94D0B41CE0D22100607613 /* Supporting Files */ = {
			isa = PBXGroup;
			children = (
				AB94D0B51CE0D22100607613 /* main.m */,
			);
			name = "Supporting Files";
			sourceTree = "<group>";
		};
		AB94D0D01CE0D22100607613 /* TVShowAddictTests */ = {
			isa = PBXGroup;
			children = (
				AB94D0D11CE0D22100607613 /* TVShowAddictTests.m */,
				AB94D0D31CE0D22100607613 /* Info.plist */,
			);
			path = TVShowAddictTests;
			sourceTree = "<group>";
		};
		AB94D0DB1CE0D22100607613 /* TVShowAddictUITests */ = {
			isa = PBXGroup;
			children = (
				AB94D0DC1CE0D22100607613 /* TVShowAddictUITests.m */,
				AB94D0DE1CE0D22100607613 /* Info.plist */,
			);
			path = TVShowAddictUITests;
			sourceTree = "<group>";
		};
/* End PBXGroup section */

/* Begin PBXNativeTarget section */
		AB94D0B01CE0D22100607613 /* TVShowAddict */ = {
			isa = PBXNativeTarget;
			buildConfigurationList = AB94D0E11CE0D22100607613 /* Build configuration list for PBXNativeTarget "TVShowAddict" */;
			buildPhases = (
				AB94D0AD1CE0D22100607613 /* Sources */,
				AB94D0AE1CE0D22100607613 /* Frameworks */,
				AB94D0AF1CE0D22100607613 /* Resources */,
			);
			buildRules = (
			);
			dependencies = (
			);
			name = TVShowAddict;
			productName = TVShowAddict;
			productReference = AB94D0B11CE0D22100607613 /* TVShowAddict.app */;
			productType = "com.apple.product-type.application";
		};
		AB94D0CC1CE0D22100607613 /* TVShowAddictTests */ = {
			isa = PBXNativeTarget;
			buildConfigurationList = AB94D0E41CE0D22100607613 /* Build configuration list for PBXNativeTarget "TVShowAddictTests" */;
			buildPhases = (
				AB94D0C91CE0D22100607613 /* Sources */,
				AB94D0CA1CE0D22100607613 /* Frameworks */,
				AB94D0CB1CE0D22100607613 /* Resources */,
			);
			buildRules = (
			);
			dependencies = (
				AB94D0CF1CE0D22100607613 /* PBXTargetDependency */,
			);
			name = TVShowAddictTests;
			productName = TVShowAddictTests;
			productReference = AB94D0CD1CE0D22100607613 /* TVShowAddictTests.xctest */;
			productType = "com.apple.product-type.bundle.unit-test";
		};
		AB94D0D71CE0D22100607613 /* TVShowAddictUITests */ = {
			isa = PBXNativeTarget;
			buildConfigurationList = AB94D0E71CE0D22100607613 /* Build configuration list for PBXNativeTarget "TVShowAddictUITests" */;
			buildPhases = (
				AB94D0D41CE0D22100607613 /* Sources */,
				AB94D0D51CE0D22100607613 /* Frameworks */,
				AB94D0D61CE0D22100607613 /* Resources */,
			);
			buildRules = (
			);
			dependencies = (
				AB94D0DA1CE0D22100607613 /* PBXTargetDependency */,
			);
			name = TVShowAddictUITests;
			productName = TVShowAddictUITests;
			productReference = AB94D0D81CE0D22100607613 /* TVShowAddictUITests.xctest */;
			productType = "com.apple.product-type.bundle.ui-testing";
		};
/* End PBXNativeTarget section */

/* Begin PBXProject section */
		AB94D0A91CE0D22000607613 /* Project object */ = {
			isa = PBXProject;
			attributes = {
				LastUpgradeCheck = 0730;
				ORGANIZATIONNAME = "Ivo Santos";
				TargetAttributes = {
					AB94D0B01CE0D22100607613 = {
						CreatedOnToolsVersion = 7.3.1;
					};
					AB94D0CC1CE0D22100607613 = {
						CreatedOnToolsVersion = 7.3.1;
						TestTargetID = AB94D0B01CE0D22100607613;
					};
					AB94D0D71CE0D22100607613 = {
						CreatedOnToolsVersion = 7.3.1;
						TestTargetID = AB94D0B01CE0D22100607613;
					};
				};
			};
			buildConfigurationList = AB94D0AC1CE0D22000607613 /* Build configuration list for PBXProject "TVShowAddict" */;
			compatibilityVersion = "Xcode 3.2";
			developmentRegion = English;
			hasScannedForEncodings = 0;
			knownRegions = (
				en,
				Base,
			);
			mainGroup = AB94D0A81CE0D22000607613;
			productRefGroup = AB94D0B21CE0D22100607613 /* Products */;
			projectDirPath = "";
			projectRoot = "";
			targets = (
				AB94D0B01CE0D22100607613 /* TVShowAddict */,
				AB94D0CC1CE0D22100607613 /* TVShowAddictTests */,
				AB94D0D71CE0D22100607613 /* TVShowAddictUITests */,
			);
		};
/* End PBXProject section */

/* Begin PBXResourcesBuildPhase section */
		AB94D0AF1CE0D22100607613 /* Resources */ = {
			isa = PBXResourcesBuildPhase;
			buildActionMask = 2147483647;
			files = (
				AB94D0C71CE0D22100607613 /* LaunchScreen.storyboard in Resources */,
				AB94D0C41CE0D22100607613 /* Assets.xcassets in Resources */,
				AB94D0BF1CE0D22100607613 /* Main.storyboard in Resources */,
			);
			runOnlyForDeploymentPostprocessing = 0;
		};
		AB94D0CB1CE0D22100607613 /* Resources */ = {
			isa = PBXResourcesBuildPhase;
			buildActionMask = 2147483647;
			files = (
			);
			runOnlyForDeploymentPostprocessing = 0;
		};
		AB94D0D61CE0D22100607613 /* Resources */ = {
			isa = PBXResourcesBuildPhase;
			buildActionMask = 2147483647;
			files = (
			);
			runOnlyForDeploymentPostprocessing = 0;
		};
/* End PBXResourcesBuildPhase section */

/* Begin PBXSourcesBuildPhase section */
		AB94D0AD1CE0D22100607613 /* Sources */ = {
			isa = PBXSourcesBuildPhase;
			buildActionMask = 2147483647;
			files = (
				AB94D0BC1CE0D22100607613 /* ViewController.m in Sources */,
				AB94D0C21CE0D22100607613 /* TVShowAddict.xcdatamodeld in Sources */,
				AB94D0B91CE0D22100607613 /* AppDelegate.m in Sources */,
				AB94D0B61CE0D22100607613 /* main.m in Sources */,
			);
			runOnlyForDeploymentPostprocessing = 0;
		};
		AB94D0C91CE0D22100607613 /* Sources */ = {
			isa = PBXSourcesBuildPhase;
			buildActionMask = 2147483647;
			files = (
				AB94D0D21CE0D22100607613 /* TVShowAddictTests.m in Sources */,
			);
			runOnlyForDeploymentPostprocessing = 0;
		};
		AB94D0D41CE0D22100607613 /* Sources */ = {
			isa = PBXSourcesBuildPhase;
			buildActionMask = 2147483647;
			files = (
				AB94D0DD1CE0D22100607613 /* TVShowAddictUITests.m in Sources */,
			);
			runOnlyForDeploymentPostprocessing = 0;
		};
/* End PBXSourcesBuildPhase section */

/* Begin PBXTargetDependency section */
		AB94D0CF1CE0D22100607613 /* PBXTargetDependency */ = {
			isa = PBXTargetDependency;
			target = AB94D0B01CE0D22100607613 /* TVShowAddict */;
			targetProxy = AB94D0CE1CE0D22100607613 /* PBXContainerItemProxy */;
		};
		AB94D0DA1CE0D22100607613 /* PBXTargetDependency */ = {
			isa = PBXTargetDependency;
			target = AB94D0B01CE0D22100607613 /* TVShowAddict */;
			targetProxy = AB94D0D91CE0D22100607613 /* PBXContainerItemProxy */;
		};
/* End PBXTargetDependency section */

/* Begin PBXVariantGroup section */
		AB94D0BD1CE0D22100607613 /* Main.storyboard */ = {
			isa = PBXVariantGroup;
			children = (
				AB94D0BE1CE0D22100607613 /* Base */,
			);
			name = Main.storyboard;
			sourceTree = "<group>";
		};
		AB94D0C51CE0D22100607613 /* LaunchScreen.storyboard */ = {
			isa = PBXVariantGroup;
			children = (
				AB94D0C61CE0D22100607613 /* Base */,
			);
			name = LaunchScreen.storyboard;
			sourceTree = "<group>";
		};
/* End PBXVariantGroup section */

/* Begin XCBuildConfiguration section */
		AB94D0DF1CE0D22100607613 /* Debug */ = {
			isa = XCBuildConfiguration;
			buildSettings = {
				ALWAYS_SEARCH_USER_PATHS = NO;
				CLANG_ANALYZER_NONNULL = YES;
				CLANG_CXX_LANGUAGE_STANDARD = "gnu++0x";
				CLANG_CXX_LIBRARY = "libc++";
				CLANG_ENABLE_MODULES = YES;
				CLANG_ENABLE_OBJC_ARC = YES;
				CLANG_WARN_BOOL_CONVERSION = YES;
				CLANG_WARN_CONSTANT_CONVERSION = YES;
				CLANG_WARN_DIRECT_OBJC_ISA_USAGE = YES_ERROR;
				CLANG_WARN_EMPTY_BODY = YES;
				CLANG_WARN_ENUM_CONVERSION = YES;
				CLANG_WARN_INT_CONVERSION = YES;
				CLANG_WARN_OBJC_ROOT_CLASS = YES_ERROR;
				CLANG_WARN_UNREACHABLE_CODE = YES;
				CLANG_WARN__DUPLICATE_METHOD_MATCH = YES;
				"CODE_SIGN_IDENTITY[sdk=iphoneos*]" = "iPhone Developer";
				COPY_PHASE_STRIP = NO;
				DEBUG_INFORMATION_FORMAT = dwarf;
				ENABLE_STRICT_OBJC_MSGSEND = YES;
				ENABLE_TESTABILITY = YES;
				GCC_C_LANGUAGE_STANDARD = gnu99;
				GCC_DYNAMIC_NO_PIC = NO;
				GCC_NO_COMMON_BLOCKS = YES;
				GCC_OPTIMIZATION_LEVEL = 0;
				GCC_PREPROCESSOR_DEFINITIONS = (
					"DEBUG=1",
					"$(inherited)",
				);
				GCC_WARN_64_TO_32_BIT_CONVERSION = YES;
				GCC_WARN_ABOUT_RETURN_TYPE = YES_ERROR;
				GCC_WARN_UNDECLARED_SELECTOR = YES;
				GCC_WARN_UNINITIALIZED_AUTOS = YES_AGGRESSIVE;
				GCC_WARN_UNUSED_FUNCTION = YES;
				GCC_WARN_UNUSED_VARIABLE = YES;
				IPHONEOS_DEPLOYMENT_TARGET = 9.3;
				MTL_ENABLE_DEBUG_INFO = YES;
				ONLY_ACTIVE_ARCH = YES;
				SDKROOT = iphoneos;
				TARGETED_DEVICE_FAMILY = "1,2";
			};
			name = Debug;
		};
		AB94D0E01CE0D22100607613 /* Release */ = {
			isa = XCBuildConfiguration;
			buildSettings = {
				ALWAYS_SEARCH_USER_PATHS = NO;
				CLANG_ANALYZER_NONNULL = YES;
				CLANG_CXX_LANGUAGE_STANDARD = "gnu++0x";
				CLANG_CXX_LIBRARY = "libc++";
				CLANG_ENABLE_MODULES = YES;
				CLANG_ENABLE_OBJC_ARC = YES;
				CLANG_WARN_BOOL_CONVERSION = YES;
				CLANG_WARN_CONSTANT_CONVERSION = YES;
				CLANG_WARN_DIRECT_OBJC_ISA_USAGE = YES_ERROR;
				CLANG_WARN_EMPTY_BODY = YES;
				CLANG_WARN_ENUM_CONVERSION = YES;
				CLANG_WARN_INT_CONVERSION = YES;
				CLANG_WARN_OBJC_ROOT_CLASS = YES_ERROR;
				CLANG_WARN_UNREACHABLE_CODE = YES;
				CLANG_WARN__DUPLICATE_METHOD_MATCH = YES;
				"CODE_SIGN_IDENTITY[sdk=iphoneos*]" = "iPhone Developer";
				COPY_PHASE_STRIP = NO;
				DEBUG_INFORMATION_FORMAT = "dwarf-with-dsym";
				ENABLE_NS_ASSERTIONS = NO;
				ENABLE_STRICT_OBJC_MSGSEND = YES;
				GCC_C_LANGUAGE_STANDARD = gnu99;
				GCC_NO_COMMON_BLOCKS = YES;
				GCC_WARN_64_TO_32_BIT_CONVERSION = YES;
				GCC_WARN_ABOUT_RETURN_TYPE = YES_ERROR;
				GCC_WARN_UNDECLARED_SELECTOR = YES;
				GCC_WARN_UNINITIALIZED_AUTOS = YES_AGGRESSIVE;
				GCC_WARN_UNUSED_FUNCTION = YES;
				GCC_WARN_UNUSED_VARIABLE = YES;
				IPHONEOS_DEPLOYMENT_TARGET = 9.3;
				MTL_ENABLE_DEBUG_INFO = NO;
				SDKROOT = iphoneos;
				TARGETED_DEVICE_FAMILY = "1,2";
				VALIDATE_PRODUCT = YES;
			};
			name = Release;
		};
		AB94D0E21CE0D22100607613 /* Debug */ = {
			isa = XCBuildConfiguration;
			buildSettings = {
				ASSETCATALOG_COMPILER_APPICON_NAME = AppIcon;
				INFOPLIST_FILE = TVShowAddict/Info.plist;
				LD_RUNPATH_SEARCH_PATHS = "$(inherited) @executable_path/Frameworks";
				PRODUCT_BUNDLE_IDENTIFIER = dashraven.TVShowAddict;
				PRODUCT_NAME = "$(TARGET_NAME)";
			};
			name = Debug;
		};
		AB94D0E31CE0D22100607613 /* Release */ = {
			isa = XCBuildConfiguration;
			buildSettings = {
				ASSETCATALOG_COMPILER_APPICON_NAME = AppIcon;
				INFOPLIST_FILE = TVShowAddict/Info.plist;
				LD_RUNPATH_SEARCH_PATHS = "$(inherited) @executable_path/Frameworks";
				PRODUCT_BUNDLE_IDENTIFIER = dashraven.TVShowAddict;
				PRODUCT_NAME = "$(TARGET_NAME)";
			};
			name = Release;
		};
		AB94D0E51CE0D22100607613 /* Debug */ = {
			isa = XCBuildConfiguration;
			buildSettings = {
				BUNDLE_LOADER = "$(TEST_HOST)";
				INFOPLIST_FILE = TVShowAddictTests/Info.plist;
				LD_RUNPATH_SEARCH_PATHS = "$(inherited) @executable_path/Frameworks @loader_path/Frameworks";
				PRODUCT_BUNDLE_IDENTIFIER = dashraven.TVShowAddictTests;
				PRODUCT_NAME = "$(TARGET_NAME)";
				TEST_HOST = "$(BUILT_PRODUCTS_DIR)/TVShowAddict.app/TVShowAddict";
			};
			name = Debug;
		};
		AB94D0E61CE0D22100607613 /* Release */ = {
			isa = XCBuildConfiguration;
			buildSettings = {
				BUNDLE_LOADER = "$(TEST_HOST)";
				INFOPLIST_FILE = TVShowAddictTests/Info.plist;
				LD_RUNPATH_SEARCH_PATHS = "$(inherited) @executable_path/Frameworks @loader_path/Frameworks";
				PRODUCT_BUNDLE_IDENTIFIER = dashraven.TVShowAddictTests;
				PRODUCT_NAME = "$(TARGET_NAME)";
				TEST_HOST = "$(BUILT_PRODUCTS_DIR)/TVShowAddict.app/TVShowAddict";
			};
			name = Release;
		};
		AB94D0E81CE0D22100607613 /* Debug */ = {
			isa = XCBuildConfiguration;
			buildSettings = {
				INFOPLIST_FILE = TVShowAddictUITests/Info.plist;
				LD_RUNPATH_SEARCH_PATHS = "$(inherited) @executable_path/Frameworks @loader_path/Frameworks";
				PRODUCT_BUNDLE_IDENTIFIER = dashraven.TVShowAddictUITests;
				PRODUCT_NAME = "$(TARGET_NAME)";
				TEST_TARGET_NAME = TVShowAddict;
			};
			name = Debug;
		};
		AB94D0E91CE0D22100607613 /* Release */ = {
			isa = XCBuildConfiguration;
			buildSettings = {
				INFOPLIST_FILE = TVShowAddictUITests/Info.plist;
				LD_RUNPATH_SEARCH_PATHS = "$(inherited) @executable_path/Frameworks @loader_path/Frameworks";
				PRODUCT_BUNDLE_IDENTIFIER = dashraven.TVShowAddictUITests;
				PRODUCT_NAME = "$(TARGET_NAME)";
				TEST_TARGET_NAME = TVShowAddict;
			};
			name = Release;
		};
/* End XCBuildConfiguration section */

/* Begin XCConfigurationList section */
		AB94D0AC1CE0D22000607613 /* Build configuration list for PBXProject "TVShowAddict" */ = {
			isa = XCConfigurationList;
			buildConfigurations = (
				AB94D0DF1CE0D22100607613 /* Debug */,
				AB94D0E01CE0D22100607613 /* Release */,
			);
			defaultConfigurationIsVisible = 0;
			defaultConfigurationName = Release;
		};
		AB94D0E11CE0D22100607613 /* Build configuration list for PBXNativeTarget "TVShowAddict" */ = {
			isa = XCConfigurationList;
			buildConfigurations = (
				AB94D0E21CE0D22100607613 /* Debug */,
				AB94D0E31CE0D22100607613 /* Release */,
			);
			defaultConfigurationIsVisible = 0;
		};
		AB94D0E41CE0D22100607613 /* Build configuration list for PBXNativeTarget "TVShowAddictTests" */ = {
			isa = XCConfigurationList;
			buildConfigurations = (
				AB94D0E51CE0D22100607613 /* Debug */,
				AB94D0E61CE0D22100607613 /* Release */,
			);
			defaultConfigurationIsVisible = 0;
		};
		AB94D0E71CE0D22100607613 /* Build configuration list for PBXNativeTarget "TVShowAddictUITests" */ = {
			isa = XCConfigurationList;
			buildConfigurations = (
				AB94D0E81CE0D22100607613 /* Debug */,
				AB94D0E91CE0D22100607613 /* Release */,
			);
			defaultConfigurationIsVisible = 0;
		};
/* End XCConfigurationList section */

/* Begin XCVersionGroup section */
		AB94D0C01CE0D22100607613 /* TVShowAddict.xcdatamodeld */ = {
			isa = XCVersionGroup;
			children = (
				AB94D0C11CE0D22100607613 /* TVShowAddict.xcdatamodel */,
			);
			currentVersion = AB94D0C11CE0D22100607613 /* TVShowAddict.xcdatamodel */;
			path = TVShowAddict.xcdatamodeld;
			sourceTree = "<group>";
			versionGroupType = wrapper.xcdatamodel;
		};
/* End XCVersionGroup section */
	};
	rootObject = AB94D0A91CE0D22000607613 /* Project object */;
}
